// !$*UTF8*$!
{
	archiveVersion = 1;
	classes = {
	};
	objectVersion = 56;
	objects = {

/* Begin PBXBuildFile section */
		2766735129D50261004A8358 /* KyleCardApp.swift in Sources */ = {isa = PBXBuildFile; fileRef = 2766735029D50261004A8358 /* KyleCardApp.swift */; };
		2766735329D50261004A8358 /* ContentView.swift in Sources */ = {isa = PBXBuildFile; fileRef = 2766735229D50261004A8358 /* ContentView.swift */; };
		2766735529D50264004A8358 /* Assets.xcassets in Resources */ = {isa = PBXBuildFile; fileRef = 2766735429D50264004A8358 /* Assets.xcassets */; };
		2766735829D50264004A8358 /* Preview Assets.xcassets in Resources */ = {isa = PBXBuildFile; fileRef = 2766735729D50264004A8358 /* Preview Assets.xcassets */; };
		2766737129D5040D004A8358 /* ShantellSans-VariableFont_BNCE,INFM,SPAC,wght.ttf in Resources */ = {isa = PBXBuildFile; fileRef = 2766736029D5040D004A8358 /* ShantellSans-VariableFont_BNCE,INFM,SPAC,wght.ttf */; };
		2766737229D5040D004A8358 /* ShantellSans-Italic-VariableFont_BNCE,INFM,SPAC,wght.ttf in Resources */ = {isa = PBXBuildFile; fileRef = 2766736129D5040D004A8358 /* ShantellSans-Italic-VariableFont_BNCE,INFM,SPAC,wght.ttf */; };
		2766737329D5040D004A8358 /* ShantellSans-Regular.ttf in Resources */ = {isa = PBXBuildFile; fileRef = 2766736329D5040D004A8358 /* ShantellSans-Regular.ttf */; };
		2766737429D5040D004A8358 /* ShantellSans-Medium.ttf in Resources */ = {isa = PBXBuildFile; fileRef = 2766736429D5040D004A8358 /* ShantellSans-Medium.ttf */; };
		2766737529D5040D004A8358 /* ShantellSans-SemiBoldItalic.ttf in Resources */ = {isa = PBXBuildFile; fileRef = 2766736529D5040D004A8358 /* ShantellSans-SemiBoldItalic.ttf */; };
		2766737629D5040D004A8358 /* ShantellSans-ExtraBold.ttf in Resources */ = {isa = PBXBuildFile; fileRef = 2766736629D5040D004A8358 /* ShantellSans-ExtraBold.ttf */; };
		2766737729D5040D004A8358 /* ShantellSans-MediumItalic.ttf in Resources */ = {isa = PBXBuildFile; fileRef = 2766736729D5040D004A8358 /* ShantellSans-MediumItalic.ttf */; };
		2766737829D5040D004A8358 /* ShantellSans-LightItalic.ttf in Resources */ = {isa = PBXBuildFile; fileRef = 2766736829D5040D004A8358 /* ShantellSans-LightItalic.ttf */; };
		2766737929D5040D004A8358 /* ShantellSans-ExtraBoldItalic.ttf in Resources */ = {isa = PBXBuildFile; fileRef = 2766736929D5040D004A8358 /* ShantellSans-ExtraBoldItalic.ttf */; };
		2766737A29D5040D004A8358 /* ShantellSans-SemiBold.ttf in Resources */ = {isa = PBXBuildFile; fileRef = 2766736A29D5040D004A8358 /* ShantellSans-SemiBold.ttf */; };
		2766737B29D5040D004A8358 /* ShantellSans-Light.ttf in Resources */ = {isa = PBXBuildFile; fileRef = 2766736B29D5040D004A8358 /* ShantellSans-Light.ttf */; };
		2766737C29D5040D004A8358 /* ShantellSans-Italic.ttf in Resources */ = {isa = PBXBuildFile; fileRef = 2766736C29D5040D004A8358 /* ShantellSans-Italic.ttf */; };
		2766737D29D5040D004A8358 /* ShantellSans-Bold.ttf in Resources */ = {isa = PBXBuildFile; fileRef = 2766736D29D5040D004A8358 /* ShantellSans-Bold.ttf */; };
		2766737E29D5040D004A8358 /* ShantellSans-BoldItalic.ttf in Resources */ = {isa = PBXBuildFile; fileRef = 2766736E29D5040D004A8358 /* ShantellSans-BoldItalic.ttf */; };
		2766737F29D5040D004A8358 /* OFL.txt in Resources */ = {isa = PBXBuildFile; fileRef = 2766736F29D5040D004A8358 /* OFL.txt */; };
		2766738029D5040D004A8358 /* README.txt in Resources */ = {isa = PBXBuildFile; fileRef = 2766737029D5040D004A8358 /* README.txt */; };
		2766738329D50892004A8358 /* InfoView.swift in Sources */ = {isa = PBXBuildFile; fileRef = 2766738229D50892004A8358 /* InfoView.swift */; };
/* End PBXBuildFile section */

/* Begin PBXFileReference section */
		2766734D29D50261004A8358 /* KyleCard.app */ = {isa = PBXFileReference; explicitFileType = wrapper.application; includeInIndex = 0; path = KyleCard.app; sourceTree = BUILT_PRODUCTS_DIR; };
		2766735029D50261004A8358 /* KyleCardApp.swift */ = {isa = PBXFileReference; lastKnownFileType = sourcecode.swift; path = KyleCardApp.swift; sourceTree = "<group>"; };
		2766735229D50261004A8358 /* ContentView.swift */ = {isa = PBXFileReference; lastKnownFileType = sourcecode.swift; path = ContentView.swift; sourceTree = "<group>"; };
		2766735429D50264004A8358 /* Assets.xcassets */ = {isa = PBXFileReference; lastKnownFileType = folder.assetcatalog; path = Assets.xcassets; sourceTree = "<group>"; };
		2766735729D50264004A8358 /* Preview Assets.xcassets */ = {isa = PBXFileReference; lastKnownFileType = folder.assetcatalog; path = "Preview Assets.xcassets"; sourceTree = "<group>"; };
		2766736029D5040D004A8358 /* ShantellSans-VariableFont_BNCE,INFM,SPAC,wght.ttf */ = {isa = PBXFileReference; lastKnownFileType = file; path = "ShantellSans-VariableFont_BNCE,INFM,SPAC,wght.ttf"; sourceTree = "<group>"; };
		2766736129D5040D004A8358 /* ShantellSans-Italic-VariableFont_BNCE,INFM,SPAC,wght.ttf */ = {isa = PBXFileReference; lastKnownFileType = file; path = "ShantellSans-Italic-VariableFont_BNCE,INFM,SPAC,wght.ttf"; sourceTree = "<group>"; };
		2766736329D5040D004A8358 /* ShantellSans-Regular.ttf */ = {isa = PBXFileReference; lastKnownFileType = file; path = "ShantellSans-Regular.ttf"; sourceTree = "<group>"; };
		2766736429D5040D004A8358 /* ShantellSans-Medium.ttf */ = {isa = PBXFileReference; lastKnownFileType = file; path = "ShantellSans-Medium.ttf"; sourceTree = "<group>"; };
		2766736529D5040D004A8358 /* ShantellSans-SemiBoldItalic.ttf */ = {isa = PBXFileReference; lastKnownFileType = file; path = "ShantellSans-SemiBoldItalic.ttf"; sourceTree = "<group>"; };
		2766736629D5040D004A8358 /* ShantellSans-ExtraBold.ttf */ = {isa = PBXFileReference; lastKnownFileType = file; path = "ShantellSans-ExtraBold.ttf"; sourceTree = "<group>"; };
		2766736729D5040D004A8358 /* ShantellSans-MediumItalic.ttf */ = {isa = PBXFileReference; lastKnownFileType = file; path = "ShantellSans-MediumItalic.ttf"; sourceTree = "<group>"; };
		2766736829D5040D004A8358 /* ShantellSans-LightItalic.ttf */ = {isa = PBXFileReference; lastKnownFileType = file; path = "ShantellSans-LightItalic.ttf"; sourceTree = "<group>"; };
		2766736929D5040D004A8358 /* ShantellSans-ExtraBoldItalic.ttf */ = {isa = PBXFileReference; lastKnownFileType = file; path = "ShantellSans-ExtraBoldItalic.ttf"; sourceTree = "<group>"; };
		2766736A29D5040D004A8358 /* ShantellSans-SemiBold.ttf */ = {isa = PBXFileReference; lastKnownFileType = file; path = "ShantellSans-SemiBold.ttf"; sourceTree = "<group>"; };
		2766736B29D5040D004A8358 /* ShantellSans-Light.ttf */ = {isa = PBXFileReference; lastKnownFileType = file; path = "ShantellSans-Light.ttf"; sourceTree = "<group>"; };
		2766736C29D5040D004A8358 /* ShantellSans-Italic.ttf */ = {isa = PBXFileReference; lastKnownFileType = file; path = "ShantellSans-Italic.ttf"; sourceTree = "<group>"; };
		2766736D29D5040D004A8358 /* ShantellSans-Bold.ttf */ = {isa = PBXFileReference; lastKnownFileType = file; path = "ShantellSans-Bold.ttf"; sourceTree = "<group>"; };
		2766736E29D5040D004A8358 /* ShantellSans-BoldItalic.ttf */ = {isa = PBXFileReference; lastKnownFileType = file; path = "ShantellSans-BoldItalic.ttf"; sourceTree = "<group>"; };
		2766736F29D5040D004A8358 /* OFL.txt */ = {isa = PBXFileReference; fileEncoding = 4; lastKnownFileType = text; path = OFL.txt; sourceTree = "<group>"; };
		2766737029D5040D004A8358 /* README.txt */ = {isa = PBXFileReference; fileEncoding = 4; lastKnownFileType = text; path = README.txt; sourceTree = "<group>"; };
		2766738129D50481004A8358 /* Info.plist */ = {isa = PBXFileReference; lastKnownFileType = text.plist; path = Info.plist; sourceTree = "<group>"; };
		2766738229D50892004A8358 /* InfoView.swift */ = {isa = PBXFileReference; lastKnownFileType = sourcecode.swift; path = InfoView.swift; sourceTree = "<group>"; };
/* End PBXFileReference section */

/* Begin PBXFrameworksBuildPhase section */
		2766734A29D50261004A8358 /* Frameworks */ = {
			isa = PBXFrameworksBuildPhase;
			buildActionMask = 2147483647;
			files = (
			);
			runOnlyForDeploymentPostprocessing = 0;
		};
/* End PBXFrameworksBuildPhase section */

/* Begin PBXGroup section */
		2766734429D50261004A8358 = {
			isa = PBXGroup;
			children = (
				2766734F29D50261004A8358 /* KyleCard */,
				2766734E29D50261004A8358 /* Products */,
			);
			sourceTree = "<group>";
		};
		2766734E29D50261004A8358 /* Products */ = {
			isa = PBXGroup;
			children = (
				2766734D29D50261004A8358 /* KyleCard.app */,
			);
			name = Products;
			sourceTree = "<group>";
		};
		2766734F29D50261004A8358 /* KyleCard */ = {
			isa = PBXGroup;
			children = (
				2766738129D50481004A8358 /* Info.plist */,
				2766735029D50261004A8358 /* KyleCardApp.swift */,
				2766735229D50261004A8358 /* ContentView.swift */,
				2766738229D50892004A8358 /* InfoView.swift */,
				2766735E29D503FA004A8358 /* Fonts */,
				2766735429D50264004A8358 /* Assets.xcassets */,
				2766735629D50264004A8358 /* Preview Content */,
			);
			path = KyleCard;
			sourceTree = "<group>";
		};
		2766735629D50264004A8358 /* Preview Content */ = {
			isa = PBXGroup;
			children = (
				2766735729D50264004A8358 /* Preview Assets.xcassets */,
			);
			path = "Preview Content";
			sourceTree = "<group>";
		};
		2766735E29D503FA004A8358 /* Fonts */ = {
			isa = PBXGroup;
			children = (
				2766735F29D5040D004A8358 /* Shantell_Sans */,
			);
			path = Fonts;
			sourceTree = "<group>";
		};
		2766735F29D5040D004A8358 /* Shantell_Sans */ = {
			isa = PBXGroup;
			children = (
				2766736029D5040D004A8358 /* ShantellSans-VariableFont_BNCE,INFM,SPAC,wght.ttf */,
				2766736129D5040D004A8358 /* ShantellSans-Italic-VariableFont_BNCE,INFM,SPAC,wght.ttf */,
				2766736229D5040D004A8358 /* static */,
				2766736F29D5040D004A8358 /* OFL.txt */,
				2766737029D5040D004A8358 /* README.txt */,
			);
			path = Shantell_Sans;
			sourceTree = "<group>";
		};
		2766736229D5040D004A8358 /* static */ = {
			isa = PBXGroup;
			children = (
				2766736329D5040D004A8358 /* ShantellSans-Regular.ttf */,
				2766736429D5040D004A8358 /* ShantellSans-Medium.ttf */,
				2766736529D5040D004A8358 /* ShantellSans-SemiBoldItalic.ttf */,
				2766736629D5040D004A8358 /* ShantellSans-ExtraBold.ttf */,
				2766736729D5040D004A8358 /* ShantellSans-MediumItalic.ttf */,
				2766736829D5040D004A8358 /* ShantellSans-LightItalic.ttf */,
				2766736929D5040D004A8358 /* ShantellSans-ExtraBoldItalic.ttf */,
				2766736A29D5040D004A8358 /* ShantellSans-SemiBold.ttf */,
				2766736B29D5040D004A8358 /* ShantellSans-Light.ttf */,
				2766736C29D5040D004A8358 /* ShantellSans-Italic.ttf */,
				2766736D29D5040D004A8358 /* ShantellSans-Bold.ttf */,
				2766736E29D5040D004A8358 /* ShantellSans-BoldItalic.ttf */,
			);
			path = static;
			sourceTree = "<group>";
		};
/* End PBXGroup section */

/* Begin PBXNativeTarget section */
		2766734C29D50261004A8358 /* KyleCard */ = {
			isa = PBXNativeTarget;
			buildConfigurationList = 2766735B29D50264004A8358 /* Build configuration list for PBXNativeTarget "KyleCard" */;
			buildPhases = (
				2766734929D50261004A8358 /* Sources */,
				2766734A29D50261004A8358 /* Frameworks */,
				2766734B29D50261004A8358 /* Resources */,
			);
			buildRules = (
			);
			dependencies = (
			);
			name = KyleCard;
			productName = KyleCard;
			productReference = 2766734D29D50261004A8358 /* KyleCard.app */;
			productType = "com.apple.product-type.application";
		};
/* End PBXNativeTarget section */

/* Begin PBXProject section */
		2766734529D50261004A8358 /* Project object */ = {
			isa = PBXProject;
			attributes = {
				BuildIndependentTargetsInParallel = 1;
				LastSwiftUpdateCheck = 1420;
				LastUpgradeCheck = 1420;
				TargetAttributes = {
					2766734C29D50261004A8358 = {
						CreatedOnToolsVersion = 14.2;
					};
				};
			};
			buildConfigurationList = 2766734829D50261004A8358 /* Build configuration list for PBXProject "KyleCard" */;
			compatibilityVersion = "Xcode 14.0";
			developmentRegion = en;
			hasScannedForEncodings = 0;
			knownRegions = (
				en,
				Base,
			);
			mainGroup = 2766734429D50261004A8358;
			productRefGroup = 2766734E29D50261004A8358 /* Products */;
			projectDirPath = "";
			projectRoot = "";
			targets = (
				2766734C29D50261004A8358 /* KyleCard */,
			);
		};
/* End PBXProject section */

/* Begin PBXResourcesBuildPhase section */
		2766734B29D50261004A8358 /* Resources */ = {
			isa = PBXResourcesBuildPhase;
			buildActionMask = 2147483647;
			files = (
				2766737F29D5040D004A8358 /* OFL.txt in Resources */,
				2766737629D5040D004A8358 /* ShantellSans-ExtraBold.ttf in Resources */,
				2766737829D5040D004A8358 /* ShantellSans-LightItalic.ttf in Resources */,
				2766737529D5040D004A8358 /* ShantellSans-SemiBoldItalic.ttf in Resources */,
				2766737729D5040D004A8358 /* ShantellSans-MediumItalic.ttf in Resources */,
				2766735829D50264004A8358 /* Preview Assets.xcassets in Resources */,
				2766737A29D5040D004A8358 /* ShantellSans-SemiBold.ttf in Resources */,
				2766737D29D5040D004A8358 /* ShantellSans-Bold.ttf in Resources */,
				2766737C29D5040D004A8358 /* ShantellSans-Italic.ttf in Resources */,
				2766735529D50264004A8358 /* Assets.xcassets in Resources */,
				2766738029D5040D004A8358 /* README.txt in Resources */,
				2766737329D5040D004A8358 /* ShantellSans-Regular.ttf in Resources */,
				2766737B29D5040D004A8358 /* ShantellSans-Light.ttf in Resources */,
				2766737E29D5040D004A8358 /* ShantellSans-BoldItalic.ttf in Resources */,
				2766737429D5040D004A8358 /* ShantellSans-Medium.ttf in Resources */,
				2766737129D5040D004A8358 /* ShantellSans-VariableFont_BNCE,INFM,SPAC,wght.ttf in Resources */,
				2766737229D5040D004A8358 /* ShantellSans-Italic-VariableFont_BNCE,INFM,SPAC,wght.ttf in Resources */,
				2766737929D5040D004A8358 /* ShantellSans-ExtraBoldItalic.ttf in Resources */,
			);
			runOnlyForDeploymentPostprocessing = 0;
		};
/* End PBXResourcesBuildPhase section */

/* Begin PBXSourcesBuildPhase section */
		2766734929D50261004A8358 /* Sources */ = {
			isa = PBXSourcesBuildPhase;
			buildActionMask = 2147483647;
			files = (
				2766735329D50261004A8358 /* ContentView.swift in Sources */,
				2766738329D50892004A8358 /* InfoView.swift in Sources */,
				2766735129D50261004A8358 /* KyleCardApp.swift in Sources */,
			);
			runOnlyForDeploymentPostprocessing = 0;
		};
/* End PBXSourcesBuildPhase section */

/* Begin XCBuildConfiguration section */
		2766735929D50264004A8358 /* Debug */ = {
			isa = XCBuildConfiguration;
			buildSettings = {
				ALWAYS_SEARCH_USER_PATHS = NO;
				CLANG_ANALYZER_NONNULL = YES;
				CLANG_ANALYZER_NUMBER_OBJECT_CONVERSION = YES_AGGRESSIVE;
				CLANG_CXX_LANGUAGE_STANDARD = "gnu++20";
				CLANG_ENABLE_MODULES = YES;
				CLANG_ENABLE_OBJC_ARC = YES;
				CLANG_ENABLE_OBJC_WEAK = YES;
				CLANG_WARN_BLOCK_CAPTURE_AUTORELEASING = YES;
				CLANG_WARN_BOOL_CONVERSION = YES;
				CLANG_WARN_COMMA = YES;
				CLANG_WARN_CONSTANT_CONVERSION = YES;
				CLANG_WARN_DEPRECATED_OBJC_IMPLEMENTATIONS = YES;
				CLANG_WARN_DIRECT_OBJC_ISA_USAGE = YES_ERROR;
				CLANG_WARN_DOCUMENTATION_COMMENTS = YES;
				CLANG_WARN_EMPTY_BODY = YES;
				CLANG_WARN_ENUM_CONVERSION = YES;
				CLANG_WARN_INFINITE_RECURSION = YES;
				CLANG_WARN_INT_CONVERSION = YES;
				CLANG_WARN_NON_LITERAL_NULL_CONVERSION = YES;
				CLANG_WARN_OBJC_IMPLICIT_RETAIN_SELF = YES;
				CLANG_WARN_OBJC_LITERAL_CONVERSION = YES;
				CLANG_WARN_OBJC_ROOT_CLASS = YES_ERROR;
				CLANG_WARN_QUOTED_INCLUDE_IN_FRAMEWORK_HEADER = YES;
				CLANG_WARN_RANGE_LOOP_ANALYSIS = YES;
				CLANG_WARN_STRICT_PROTOTYPES = YES;
				CLANG_WARN_SUSPICIOUS_MOVE = YES;
				CLANG_WARN_UNGUARDED_AVAILABILITY = YES_AGGRESSIVE;
				CLANG_WARN_UNREACHABLE_CODE = YES;
				CLANG_WARN__DUPLICATE_METHOD_MATCH = YES;
				COPY_PHASE_STRIP = NO;
				DEBUG_INFORMATION_FORMAT = dwarf;
				ENABLE_STRICT_OBJC_MSGSEND = YES;
				ENABLE_TESTABILITY = YES;
				GCC_C_LANGUAGE_STANDARD = gnu11;
				GCC_DYNAMIC_NO_PIC = NO;
				GCC_NO_COMMON_BLOCKS = YES;
				GCC_OPTIMIZATION_LEVEL = 0;
				GCC_PREPROCESSOR_DEFINITIONS = (
					"DEBUG=1",
					"$(inherited)",
				);
				GCC_WARN_64_TO_32_BIT_CONVERSION = YES;
				GCC_WARN_ABOUT_RETURN_TYPE = YES_ERROR;
				GCC_WARN_UNDECLARED_SELECTOR = YES;
				GCC_WARN_UNINITIALIZED_AUTOS = YES_AGGRESSIVE;
				GCC_WARN_UNUSED_FUNCTION = YES;
				GCC_WARN_UNUSED_VARIABLE = YES;
				IPHONEOS_DEPLOYMENT_TARGET = 16.2;
				MTL_ENABLE_DEBUG_INFO = INCLUDE_SOURCE;
				MTL_FAST_MATH = YES;
				ONLY_ACTIVE_ARCH = YES;
				SDKROOT = iphoneos;
				SWIFT_ACTIVE_COMPILATION_CONDITIONS = DEBUG;
				SWIFT_OPTIMIZATION_LEVEL = "-Onone";
			};
			name = Debug;
		};
		2766735A29D50264004A8358 /* Release */ = {
			isa = XCBuildConfiguration;
			buildSettings = {
				ALWAYS_SEARCH_USER_PATHS = NO;
				CLANG_ANALYZER_NONNULL = YES;
				CLANG_ANALYZER_NUMBER_OBJECT_CONVERSION = YES_AGGRESSIVE;
				CLANG_CXX_LANGUAGE_STANDARD = "gnu++20";
				CLANG_ENABLE_MODULES = YES;
				CLANG_ENABLE_OBJC_ARC = YES;
				CLANG_ENABLE_OBJC_WEAK = YES;
				CLANG_WARN_BLOCK_CAPTURE_AUTORELEASING = YES;
				CLANG_WARN_BOOL_CONVERSION = YES;
				CLANG_WARN_COMMA = YES;
				CLANG_WARN_CONSTANT_CONVERSION = YES;
				CLANG_WARN_DEPRECATED_OBJC_IMPLEMENTATIONS = YES;
				CLANG_WARN_DIRECT_OBJC_ISA_USAGE = YES_ERROR;
				CLANG_WARN_DOCUMENTATION_COMMENTS = YES;
				CLANG_WARN_EMPTY_BODY = YES;
				CLANG_WARN_ENUM_CONVERSION = YES;
				CLANG_WARN_INFINITE_RECURSION = YES;
				CLANG_WARN_INT_CONVERSION = YES;
				CLANG_WARN_NON_LITERAL_NULL_CONVERSION = YES;
				CLANG_WARN_OBJC_IMPLICIT_RETAIN_SELF = YES;
				CLANG_WARN_OBJC_LITERAL_CONVERSION = YES;
				CLANG_WARN_OBJC_ROOT_CLASS = YES_ERROR;
				CLANG_WARN_QUOTED_INCLUDE_IN_FRAMEWORK_HEADER = YES;
				CLANG_WARN_RANGE_LOOP_ANALYSIS = YES;
				CLANG_WARN_STRICT_PROTOTYPES = YES;
				CLANG_WARN_SUSPICIOUS_MOVE = YES;
				CLANG_WARN_UNGUARDED_AVAILABILITY = YES_AGGRESSIVE;
				CLANG_WARN_UNREACHABLE_CODE = YES;
				CLANG_WARN__DUPLICATE_METHOD_MATCH = YES;
				COPY_PHASE_STRIP = NO;
				DEBUG_INFORMATION_FORMAT = "dwarf-with-dsym";
				ENABLE_NS_ASSERTIONS = NO;
				ENABLE_STRICT_OBJC_MSGSEND = YES;
				GCC_C_LANGUAGE_STANDARD = gnu11;
				GCC_NO_COMMON_BLOCKS = YES;
				GCC_WARN_64_TO_32_BIT_CONVERSION = YES;
				GCC_WARN_ABOUT_RETURN_TYPE = YES_ERROR;
				GCC_WARN_UNDECLARED_SELECTOR = YES;
				GCC_WARN_UNINITIALIZED_AUTOS = YES_AGGRESSIVE;
				GCC_WARN_UNUSED_FUNCTION = YES;
				GCC_WARN_UNUSED_VARIABLE = YES;
				IPHONEOS_DEPLOYMENT_TARGET = 16.2;
				MTL_ENABLE_DEBUG_INFO = NO;
				MTL_FAST_MATH = YES;
				SDKROOT = iphoneos;
				SWIFT_COMPILATION_MODE = wholemodule;
				SWIFT_OPTIMIZATION_LEVEL = "-O";
				VALIDATE_PRODUCT = YES;
			};
			name = Release;
		};
		2766735C29D50264004A8358 /* Debug */ = {
			isa = XCBuildConfiguration;
			buildSettings = {
				ASSETCATALOG_COMPILER_APPICON_NAME = AppIcon;
				ASSETCATALOG_COMPILER_GLOBAL_ACCENT_COLOR_NAME = AccentColor;
				CODE_SIGN_STYLE = Automatic;
				CURRENT_PROJECT_VERSION = 1;
				DEVELOPMENT_ASSET_PATHS = "\"KyleCard/Preview Content\"";
				DEVELOPMENT_TEAM = K9NKZR257N;
				ENABLE_PREVIEWS = YES;
				GENERATE_INFOPLIST_FILE = YES;
				INFOPLIST_FILE = KyleCard/Info.plist;
				INFOPLIST_KEY_UIApplicationSceneManifest_Generation = YES;
				INFOPLIST_KEY_UIApplicationSupportsIndirectInputEvents = YES;
				INFOPLIST_KEY_UILaunchScreen_Generation = YES;
				INFOPLIST_KEY_UISupportedInterfaceOrientations_iPad = "UIInterfaceOrientationPortrait UIInterfaceOrientationPortraitUpsideDown UIInterfaceOrientationLandscapeLeft UIInterfaceOrientationLandscapeRight";
				INFOPLIST_KEY_UISupportedInterfaceOrientations_iPhone = "UIInterfaceOrientationPortrait UIInterfaceOrientationLandscapeLeft UIInterfaceOrientationLandscapeRight";
				LD_RUNPATH_SEARCH_PATHS = (
					"$(inherited)",
					"@executable_path/Frameworks",
				);
				MARKETING_VERSION = 1.0;
				PRODUCT_BUNDLE_IDENTIFIER = "changhyun-kyle.KyleCard";
				PRODUCT_NAME = "$(TARGET_NAME)";
				SWIFT_EMIT_LOC_STRINGS = YES;
				SWIFT_VERSION = 5.0;
				TARGETED_DEVICE_FAMILY = "1,2";
			};
			name = Debug;
		};
		2766735D29D50264004A8358 /* Release */ = {
			isa = XCBuildConfiguration;
			buildSettings = {
				ASSETCATALOG_COMPILER_APPICON_NAME = AppIcon;
				ASSETCATALOG_COMPILER_GLOBAL_ACCENT_COLOR_NAME = AccentColor;
				CODE_SIGN_STYLE = Automatic;
				CURRENT_PROJECT_VERSION = 1;
				DEVELOPMENT_ASSET_PATHS = "\"KyleCard/Preview Content\"";
				DEVELOPMENT_TEAM = K9NKZR257N;
				ENABLE_PREVIEWS = YES;
				GENERATE_INFOPLIST_FILE = YES;
				INFOPLIST_FILE = KyleCard/Info.plist;
				INFOPLIST_KEY_UIApplicationSceneManifest_Generation = YES;
				INFOPLIST_KEY_UIApplicationSupportsIndirectInputEvents = YES;
				INFOPLIST_KEY_UILaunchScreen_Generation = YES;
				INFOPLIST_KEY_UISupportedInterfaceOrientations_iPad = "UIInterfaceOrientationPortrait UIInterfaceOrientationPortraitUpsideDown UIInterfaceOrientationLandscapeLeft UIInterfaceOrientationLandscapeRight";
				INFOPLIST_KEY_UISupportedInterfaceOrientations_iPhone = "UIInterfaceOrientationPortrait UIInterfaceOrientationLandscapeLeft UIInterfaceOrientationLandscapeRight";
				LD_RUNPATH_SEARCH_PATHS = (
					"$(inherited)",
					"@executable_path/Frameworks",
				);
				MARKETING_VERSION = 1.0;
				PRODUCT_BUNDLE_IDENTIFIER = "changhyun-kyle.KyleCard";
				PRODUCT_NAME = "$(TARGET_NAME)";
				SWIFT_EMIT_LOC_STRINGS = YES;
				SWIFT_VERSION = 5.0;
				TARGETED_DEVICE_FAMILY = "1,2";
			};
			name = Release;
		};
/* End XCBuildConfiguration section */

/* Begin XCConfigurationList section */
		2766734829D50261004A8358 /* Build configuration list for PBXProject "KyleCard" */ = {
			isa = XCConfigurationList;
			buildConfigurations = (
				2766735929D50264004A8358 /* Debug */,
				2766735A29D50264004A8358 /* Release */,
			);
			defaultConfigurationIsVisible = 0;
			defaultConfigurationName = Release;
		};
		2766735B29D50264004A8358 /* Build configuration list for PBXNativeTarget "KyleCard" */ = {
			isa = XCConfigurationList;
			buildConfigurations = (
				2766735C29D50264004A8358 /* Debug */,
				2766735D29D50264004A8358 /* Release */,
			);
			defaultConfigurationIsVisible = 0;
			defaultConfigurationName = Release;
		};
/* End XCConfigurationList section */
	};
	rootObject = 2766734529D50261004A8358 /* Project object */;
}
