// !$*UTF8*$!
{
	archiveVersion = 1;
	classes = {
	};
	objectVersion = 56;
	objects = {

/* Begin PBXBuildFile section */
		277B013129FA484900F713EE /* H4X0RApp.swift in Sources */ = {isa = PBXBuildFile; fileRef = 277B013029FA484900F713EE /* H4X0RApp.swift */; };
		277B013329FA484900F713EE /* ContentView.swift in Sources */ = {isa = PBXBuildFile; fileRef = 277B013229FA484900F713EE /* ContentView.swift */; };
		277B013529FA484B00F713EE /* Assets.xcassets in Resources */ = {isa = PBXBuildFile; fileRef = 277B013429FA484B00F713EE /* Assets.xcassets */; };
		277B013829FA484B00F713EE /* Preview Assets.xcassets in Resources */ = {isa = PBXBuildFile; fileRef = 277B013729FA484B00F713EE /* Preview Assets.xcassets */; };
		277B014029FA4A4C00F713EE /* NetworkManager.swift in Sources */ = {isa = PBXBuildFile; fileRef = 277B013F29FA4A4C00F713EE /* NetworkManager.swift */; };
		277B014229FA4BAF00F713EE /* PostData.swift in Sources */ = {isa = PBXBuildFile; fileRef = 277B014129FA4BAF00F713EE /* PostData.swift */; };
		277B014529FA54B300F713EE /* DetailView.swift in Sources */ = {isa = PBXBuildFile; fileRef = 277B014429FA54B300F713EE /* DetailView.swift */; };
		277B014729FA559C00F713EE /* WebView.swift in Sources */ = {isa = PBXBuildFile; fileRef = 277B014629FA559C00F713EE /* WebView.swift */; };
/* End PBXBuildFile section */

/* Begin PBXFileReference section */
		277B012D29FA484900F713EE /* H4X0R.app */ = {isa = PBXFileReference; explicitFileType = wrapper.application; includeInIndex = 0; path = H4X0R.app; sourceTree = BUILT_PRODUCTS_DIR; };
		277B013029FA484900F713EE /* H4X0RApp.swift */ = {isa = PBXFileReference; lastKnownFileType = sourcecode.swift; path = H4X0RApp.swift; sourceTree = "<group>"; };
		277B013229FA484900F713EE /* ContentView.swift */ = {isa = PBXFileReference; lastKnownFileType = sourcecode.swift; path = ContentView.swift; sourceTree = "<group>"; };
		277B013429FA484B00F713EE /* Assets.xcassets */ = {isa = PBXFileReference; lastKnownFileType = folder.assetcatalog; path = Assets.xcassets; sourceTree = "<group>"; };
		277B013729FA484B00F713EE /* Preview Assets.xcassets */ = {isa = PBXFileReference; lastKnownFileType = folder.assetcatalog; path = "Preview Assets.xcassets"; sourceTree = "<group>"; };
		277B013F29FA4A4C00F713EE /* NetworkManager.swift */ = {isa = PBXFileReference; lastKnownFileType = sourcecode.swift; path = NetworkManager.swift; sourceTree = "<group>"; };
		277B014129FA4BAF00F713EE /* PostData.swift */ = {isa = PBXFileReference; lastKnownFileType = sourcecode.swift; path = PostData.swift; sourceTree = "<group>"; };
		277B014429FA54B300F713EE /* DetailView.swift */ = {isa = PBXFileReference; lastKnownFileType = sourcecode.swift; path = DetailView.swift; sourceTree = "<group>"; };
		277B014629FA559C00F713EE /* WebView.swift */ = {isa = PBXFileReference; lastKnownFileType = sourcecode.swift; path = WebView.swift; sourceTree = "<group>"; };
/* End PBXFileReference section */

/* Begin PBXFrameworksBuildPhase section */
		277B012A29FA484900F713EE /* Frameworks */ = {
			isa = PBXFrameworksBuildPhase;
			buildActionMask = 2147483647;
			files = (
			);
			runOnlyForDeploymentPostprocessing = 0;
		};
/* End PBXFrameworksBuildPhase section */

/* Begin PBXGroup section */
		277B012429FA484900F713EE = {
			isa = PBXGroup;
			children = (
				277B012F29FA484900F713EE /* H4X0R */,
				277B012E29FA484900F713EE /* Products */,
			);
			sourceTree = "<group>";
		};
		277B012E29FA484900F713EE /* Products */ = {
			isa = PBXGroup;
			children = (
				277B012D29FA484900F713EE /* H4X0R.app */,
			);
			name = Products;
			sourceTree = "<group>";
		};
		277B012F29FA484900F713EE /* H4X0R */ = {
			isa = PBXGroup;
			children = (
				277B013029FA484900F713EE /* H4X0RApp.swift */,
				277B014329FA549D00F713EE /* Views */,
				277B013E29FA4A3D00F713EE /* Models */,
				277B013429FA484B00F713EE /* Assets.xcassets */,
				277B013629FA484B00F713EE /* Preview Content */,
			);
			path = H4X0R;
			sourceTree = "<group>";
		};
		277B013629FA484B00F713EE /* Preview Content */ = {
			isa = PBXGroup;
			children = (
				277B013729FA484B00F713EE /* Preview Assets.xcassets */,
			);
			path = "Preview Content";
			sourceTree = "<group>";
		};
		277B013E29FA4A3D00F713EE /* Models */ = {
			isa = PBXGroup;
			children = (
				277B013F29FA4A4C00F713EE /* NetworkManager.swift */,
				277B014129FA4BAF00F713EE /* PostData.swift */,
			);
			path = Models;
			sourceTree = "<group>";
		};
		277B014329FA549D00F713EE /* Views */ = {
			isa = PBXGroup;
			children = (
				277B013229FA484900F713EE /* ContentView.swift */,
				277B014429FA54B300F713EE /* DetailView.swift */,
				277B014629FA559C00F713EE /* WebView.swift */,
			);
			path = Views;
			sourceTree = "<group>";
		};
/* End PBXGroup section */

/* Begin PBXNativeTarget section */
		277B012C29FA484900F713EE /* H4X0R */ = {
			isa = PBXNativeTarget;
			buildConfigurationList = 277B013B29FA484B00F713EE /* Build configuration list for PBXNativeTarget "H4X0R" */;
			buildPhases = (
				277B012929FA484900F713EE /* Sources */,
				277B012A29FA484900F713EE /* Frameworks */,
				277B012B29FA484900F713EE /* Resources */,
			);
			buildRules = (
			);
			dependencies = (
			);
			name = H4X0R;
			productName = H4X0R;
			productReference = 277B012D29FA484900F713EE /* H4X0R.app */;
			productType = "com.apple.product-type.application";
		};
/* End PBXNativeTarget section */

/* Begin PBXProject section */
		277B012529FA484900F713EE /* Project object */ = {
			isa = PBXProject;
			attributes = {
				BuildIndependentTargetsInParallel = 1;
				LastSwiftUpdateCheck = 1430;
				LastUpgradeCheck = 1430;
				TargetAttributes = {
					277B012C29FA484900F713EE = {
						CreatedOnToolsVersion = 14.3;
					};
				};
			};
			buildConfigurationList = 277B012829FA484900F713EE /* Build configuration list for PBXProject "H4X0R" */;
			compatibilityVersion = "Xcode 14.0";
			developmentRegion = en;
			hasScannedForEncodings = 0;
			knownRegions = (
				en,
				Base,
			);
			mainGroup = 277B012429FA484900F713EE;
			productRefGroup = 277B012E29FA484900F713EE /* Products */;
			projectDirPath = "";
			projectRoot = "";
			targets = (
				277B012C29FA484900F713EE /* H4X0R */,
			);
		};
/* End PBXProject section */

/* Begin PBXResourcesBuildPhase section */
		277B012B29FA484900F713EE /* Resources */ = {
			isa = PBXResourcesBuildPhase;
			buildActionMask = 2147483647;
			files = (
				277B013829FA484B00F713EE /* Preview Assets.xcassets in Resources */,
				277B013529FA484B00F713EE /* Assets.xcassets in Resources */,
			);
			runOnlyForDeploymentPostprocessing = 0;
		};
/* End PBXResourcesBuildPhase section */

/* Begin PBXSourcesBuildPhase section */
		277B012929FA484900F713EE /* Sources */ = {
			isa = PBXSourcesBuildPhase;
			buildActionMask = 2147483647;
			files = (
				277B014029FA4A4C00F713EE /* NetworkManager.swift in Sources */,
				277B014229FA4BAF00F713EE /* PostData.swift in Sources */,
				277B013329FA484900F713EE /* ContentView.swift in Sources */,
				277B014729FA559C00F713EE /* WebView.swift in Sources */,
				277B014529FA54B300F713EE /* DetailView.swift in Sources */,
				277B013129FA484900F713EE /* H4X0RApp.swift in Sources */,
			);
			runOnlyForDeploymentPostprocessing = 0;
		};
/* End PBXSourcesBuildPhase section */

/* Begin XCBuildConfiguration section */
		277B013929FA484B00F713EE /* Debug */ = {
			isa = XCBuildConfiguration;
			buildSettings = {
				ALWAYS_SEARCH_USER_PATHS = NO;
				CLANG_ANALYZER_NONNULL = YES;
				CLANG_ANALYZER_NUMBER_OBJECT_CONVERSION = YES_AGGRESSIVE;
				CLANG_CXX_LANGUAGE_STANDARD = "gnu++20";
				CLANG_ENABLE_MODULES = YES;
				CLANG_ENABLE_OBJC_ARC = YES;
				CLANG_ENABLE_OBJC_WEAK = YES;
				CLANG_WARN_BLOCK_CAPTURE_AUTORELEASING = YES;
				CLANG_WARN_BOOL_CONVERSION = YES;
				CLANG_WARN_COMMA = YES;
				CLANG_WARN_CONSTANT_CONVERSION = YES;
				CLANG_WARN_DEPRECATED_OBJC_IMPLEMENTATIONS = YES;
				CLANG_WARN_DIRECT_OBJC_ISA_USAGE = YES_ERROR;
				CLANG_WARN_DOCUMENTATION_COMMENTS = YES;
				CLANG_WARN_EMPTY_BODY = YES;
				CLANG_WARN_ENUM_CONVERSION = YES;
				CLANG_WARN_INFINITE_RECURSION = YES;
				CLANG_WARN_INT_CONVERSION = YES;
				CLANG_WARN_NON_LITERAL_NULL_CONVERSION = YES;
				CLANG_WARN_OBJC_IMPLICIT_RETAIN_SELF = YES;
				CLANG_WARN_OBJC_LITERAL_CONVERSION = YES;
				CLANG_WARN_OBJC_ROOT_CLASS = YES_ERROR;
				CLANG_WARN_QUOTED_INCLUDE_IN_FRAMEWORK_HEADER = YES;
				CLANG_WARN_RANGE_LOOP_ANALYSIS = YES;
				CLANG_WARN_STRICT_PROTOTYPES = YES;
				CLANG_WARN_SUSPICIOUS_MOVE = YES;
				CLANG_WARN_UNGUARDED_AVAILABILITY = YES_AGGRESSIVE;
				CLANG_WARN_UNREACHABLE_CODE = YES;
				CLANG_WARN__DUPLICATE_METHOD_MATCH = YES;
				COPY_PHASE_STRIP = NO;
				DEBUG_INFORMATION_FORMAT = dwarf;
				ENABLE_STRICT_OBJC_MSGSEND = YES;
				ENABLE_TESTABILITY = YES;
				GCC_C_LANGUAGE_STANDARD = gnu11;
				GCC_DYNAMIC_NO_PIC = NO;
				GCC_NO_COMMON_BLOCKS = YES;
				GCC_OPTIMIZATION_LEVEL = 0;
				GCC_PREPROCESSOR_DEFINITIONS = (
					"DEBUG=1",
					"$(inherited)",
				);
				GCC_WARN_64_TO_32_BIT_CONVERSION = YES;
				GCC_WARN_ABOUT_RETURN_TYPE = YES_ERROR;
				GCC_WARN_UNDECLARED_SELECTOR = YES;
				GCC_WARN_UNINITIALIZED_AUTOS = YES_AGGRESSIVE;
				GCC_WARN_UNUSED_FUNCTION = YES;
				GCC_WARN_UNUSED_VARIABLE = YES;
				IPHONEOS_DEPLOYMENT_TARGET = 16.4;
				MTL_ENABLE_DEBUG_INFO = INCLUDE_SOURCE;
				MTL_FAST_MATH = YES;
				ONLY_ACTIVE_ARCH = YES;
				SDKROOT = iphoneos;
				SWIFT_ACTIVE_COMPILATION_CONDITIONS = DEBUG;
				SWIFT_OPTIMIZATION_LEVEL = "-Onone";
			};
			name = Debug;
		};
		277B013A29FA484B00F713EE /* Release */ = {
			isa = XCBuildConfiguration;
			buildSettings = {
				ALWAYS_SEARCH_USER_PATHS = NO;
				CLANG_ANALYZER_NONNULL = YES;
				CLANG_ANALYZER_NUMBER_OBJECT_CONVERSION = YES_AGGRESSIVE;
				CLANG_CXX_LANGUAGE_STANDARD = "gnu++20";
				CLANG_ENABLE_MODULES = YES;
				CLANG_ENABLE_OBJC_ARC = YES;
				CLANG_ENABLE_OBJC_WEAK = YES;
				CLANG_WARN_BLOCK_CAPTURE_AUTORELEASING = YES;
				CLANG_WARN_BOOL_CONVERSION = YES;
				CLANG_WARN_COMMA = YES;
				CLANG_WARN_CONSTANT_CONVERSION = YES;
				CLANG_WARN_DEPRECATED_OBJC_IMPLEMENTATIONS = YES;
				CLANG_WARN_DIRECT_OBJC_ISA_USAGE = YES_ERROR;
				CLANG_WARN_DOCUMENTATION_COMMENTS = YES;
				CLANG_WARN_EMPTY_BODY = YES;
				CLANG_WARN_ENUM_CONVERSION = YES;
				CLANG_WARN_INFINITE_RECURSION = YES;
				CLANG_WARN_INT_CONVERSION = YES;
				CLANG_WARN_NON_LITERAL_NULL_CONVERSION = YES;
				CLANG_WARN_OBJC_IMPLICIT_RETAIN_SELF = YES;
				CLANG_WARN_OBJC_LITERAL_CONVERSION = YES;
				CLANG_WARN_OBJC_ROOT_CLASS = YES_ERROR;
				CLANG_WARN_QUOTED_INCLUDE_IN_FRAMEWORK_HEADER = YES;
				CLANG_WARN_RANGE_LOOP_ANALYSIS = YES;
				CLANG_WARN_STRICT_PROTOTYPES = YES;
				CLANG_WARN_SUSPICIOUS_MOVE = YES;
				CLANG_WARN_UNGUARDED_AVAILABILITY = YES_AGGRESSIVE;
				CLANG_WARN_UNREACHABLE_CODE = YES;
				CLANG_WARN__DUPLICATE_METHOD_MATCH = YES;
				COPY_PHASE_STRIP = NO;
				DEBUG_INFORMATION_FORMAT = "dwarf-with-dsym";
				ENABLE_NS_ASSERTIONS = NO;
				ENABLE_STRICT_OBJC_MSGSEND = YES;
				GCC_C_LANGUAGE_STANDARD = gnu11;
				GCC_NO_COMMON_BLOCKS = YES;
				GCC_WARN_64_TO_32_BIT_CONVERSION = YES;
				GCC_WARN_ABOUT_RETURN_TYPE = YES_ERROR;
				GCC_WARN_UNDECLARED_SELECTOR = YES;
				GCC_WARN_UNINITIALIZED_AUTOS = YES_AGGRESSIVE;
				GCC_WARN_UNUSED_FUNCTION = YES;
				GCC_WARN_UNUSED_VARIABLE = YES;
				IPHONEOS_DEPLOYMENT_TARGET = 16.4;
				MTL_ENABLE_DEBUG_INFO = NO;
				MTL_FAST_MATH = YES;
				SDKROOT = iphoneos;
				SWIFT_COMPILATION_MODE = wholemodule;
				SWIFT_OPTIMIZATION_LEVEL = "-O";
				VALIDATE_PRODUCT = YES;
			};
			name = Release;
		};
		277B013C29FA484B00F713EE /* Debug */ = {
			isa = XCBuildConfiguration;
			buildSettings = {
				ASSETCATALOG_COMPILER_APPICON_NAME = AppIcon;
				ASSETCATALOG_COMPILER_GLOBAL_ACCENT_COLOR_NAME = AccentColor;
				CODE_SIGN_STYLE = Automatic;
				CURRENT_PROJECT_VERSION = 1;
				DEVELOPMENT_ASSET_PATHS = "\"H4X0R/Preview Content\"";
				DEVELOPMENT_TEAM = K9NKZR257N;
				ENABLE_PREVIEWS = YES;
				GENERATE_INFOPLIST_FILE = YES;
				INFOPLIST_KEY_UIApplicationSceneManifest_Generation = YES;
				INFOPLIST_KEY_UIApplicationSupportsIndirectInputEvents = YES;
				INFOPLIST_KEY_UILaunchScreen_Generation = YES;
				INFOPLIST_KEY_UISupportedInterfaceOrientations_iPad = "UIInterfaceOrientationPortrait UIInterfaceOrientationPortraitUpsideDown UIInterfaceOrientationLandscapeLeft UIInterfaceOrientationLandscapeRight";
				INFOPLIST_KEY_UISupportedInterfaceOrientations_iPhone = "UIInterfaceOrientationPortrait UIInterfaceOrientationLandscapeLeft UIInterfaceOrientationLandscapeRight";
				LD_RUNPATH_SEARCH_PATHS = (
					"$(inherited)",
					"@executable_path/Frameworks",
				);
				MARKETING_VERSION = 1.0;
				PRODUCT_BUNDLE_IDENTIFIER = "changhyun-kyle.H4X0R";
				PRODUCT_NAME = "$(TARGET_NAME)";
				SWIFT_EMIT_LOC_STRINGS = YES;
				SWIFT_VERSION = 5.0;
				TARGETED_DEVICE_FAMILY = "1,2";
			};
			name = Debug;
		};
		277B013D29FA484B00F713EE /* Release */ = {
			isa = XCBuildConfiguration;
			buildSettings = {
				ASSETCATALOG_COMPILER_APPICON_NAME = AppIcon;
				ASSETCATALOG_COMPILER_GLOBAL_ACCENT_COLOR_NAME = AccentColor;
				CODE_SIGN_STYLE = Automatic;
				CURRENT_PROJECT_VERSION = 1;
				DEVELOPMENT_ASSET_PATHS = "\"H4X0R/Preview Content\"";
				DEVELOPMENT_TEAM = K9NKZR257N;
				ENABLE_PREVIEWS = YES;
				GENERATE_INFOPLIST_FILE = YES;
				INFOPLIST_KEY_UIApplicationSceneManifest_Generation = YES;
				INFOPLIST_KEY_UIApplicationSupportsIndirectInputEvents = YES;
				INFOPLIST_KEY_UILaunchScreen_Generation = YES;
				INFOPLIST_KEY_UISupportedInterfaceOrientations_iPad = "UIInterfaceOrientationPortrait UIInterfaceOrientationPortraitUpsideDown UIInterfaceOrientationLandscapeLeft UIInterfaceOrientationLandscapeRight";
				INFOPLIST_KEY_UISupportedInterfaceOrientations_iPhone = "UIInterfaceOrientationPortrait UIInterfaceOrientationLandscapeLeft UIInterfaceOrientationLandscapeRight";
				LD_RUNPATH_SEARCH_PATHS = (
					"$(inherited)",
					"@executable_path/Frameworks",
				);
				MARKETING_VERSION = 1.0;
				PRODUCT_BUNDLE_IDENTIFIER = "changhyun-kyle.H4X0R";
				PRODUCT_NAME = "$(TARGET_NAME)";
				SWIFT_EMIT_LOC_STRINGS = YES;
				SWIFT_VERSION = 5.0;
				TARGETED_DEVICE_FAMILY = "1,2";
			};
			name = Release;
		};
/* End XCBuildConfiguration section */

/* Begin XCConfigurationList section */
		277B012829FA484900F713EE /* Build configuration list for PBXProject "H4X0R" */ = {
			isa = XCConfigurationList;
			buildConfigurations = (
				277B013929FA484B00F713EE /* Debug */,
				277B013A29FA484B00F713EE /* Release */,
			);
			defaultConfigurationIsVisible = 0;
			defaultConfigurationName = Release;
		};
		277B013B29FA484B00F713EE /* Build configuration list for PBXNativeTarget "H4X0R" */ = {
			isa = XCConfigurationList;
			buildConfigurations = (
				277B013C29FA484B00F713EE /* Debug */,
				277B013D29FA484B00F713EE /* Release */,
			);
			defaultConfigurationIsVisible = 0;
			defaultConfigurationName = Release;
		};
/* End XCConfigurationList section */
	};
	rootObject = 277B012529FA484900F713EE /* Project object */;
}
